
Microsoft Visual Studio Solution File, Format Version 12.00
# Visual Studio Version 17
VisualStudioVersion = 17.10.35004.147
MinimumVisualStudioVersion = 10.0.40219.1
Project("{9A19103F-16F7-4668-BE54-9A1E7A4F7556}") = "TestAssignment.APIS", "TestAssignment.APIS\TestAssignment.APIS.csproj", "{468BB3A5-27D0-44F6-BBF4-996D5FFDDFD4}"
EndProject
Project("{9A19103F-16F7-4668-BE54-9A1E7A4F7556}") = "TestAssignment.Repository", "TestAssignment.Repository\TestAssignment.Repository.csproj", "{DE1BD32E-A554-4102-86DC-80C5421DD816}"
EndProject
Project("{FAE04EC0-301F-11D3-BF4B-00C04F79EFBC}") = "TestAssignment.Services", "TestAssignment.Services\TestAssignment.Services.csproj", "{9B4F949F-9F44-4217-8003-9781D3BB5940}"
EndProject
Global
	GlobalSection(SolutionConfigurationPlatforms) = preSolution
		Debug|Any CPU = Debug|Any CPU
		Release|Any CPU = Release|Any CPU
	EndGlobalSection
	GlobalSection(ProjectConfigurationPlatforms) = postSolution
		{468BB3A5-27D0-44F6-BBF4-996D5FFDDFD4}.Debug|Any CPU.ActiveCfg = Debug|Any CPU
		{468BB3A5-27D0-44F6-BBF4-996D5FFDDFD4}.Debug|Any CPU.Build.0 = Debug|Any CPU
		{468BB3A5-27D0-44F6-BBF4-996D5FFDDFD4}.Release|Any CPU.ActiveCfg = Release|Any CPU
		{468BB3A5-27D0-44F6-BBF4-996D5FFDDFD4}.Release|Any CPU.Build.0 = Release|Any CPU
		{DE1BD32E-A554-4102-86DC-80C5421DD816}.Debug|Any CPU.ActiveCfg = Debug|Any CPU
		{DE1BD32E-A554-4102-86DC-80C5421DD816}.Debug|Any CPU.Build.0 = Debug|Any CPU
		{DE1BD32E-A554-4102-86DC-80C5421DD816}.Release|Any CPU.ActiveCfg = Release|Any CPU
		{DE1BD32E-A554-4102-86DC-80C5421DD816}.Release|Any CPU.Build.0 = Release|Any CPU
		{9B4F949F-9F44-4217-8003-9781D3BB5940}.Debug|Any CPU.ActiveCfg = Debug|Any CPU
		{9B4F949F-9F44-4217-8003-9781D3BB5940}.Debug|Any CPU.Build.0 = Debug|Any CPU
		{9B4F949F-9F44-4217-8003-9781D3BB5940}.Release|Any CPU.ActiveCfg = Release|Any CPU
		{9B4F949F-9F44-4217-8003-9781D3BB5940}.Release|Any CPU.Build.0 = Release|Any CPU
	EndGlobalSection
	GlobalSection(SolutionProperties) = preSolution
		HideSolutionNode = FALSE
	EndGlobalSection
	GlobalSection(ExtensibilityGlobals) = postSolution
		SolutionGuid = {2A356AA9-818E-4368-8F7A-1AD57561F72A}
	EndGlobalSection
EndGlobal
